{
  "name": "@tb.p/qbunseed",
  "version": "3.0.1",
  "lockfileVersion": 3,
  "requires": true,
  "packages": {
    "": {
      "name": "@tb.p/qbunseed",
      "version": "3.0.1",
      "license": "ISC",
      "dependencies": {
        "@ctrl/qbittorrent": "^9.2.0",
        "dotenv": "^16.4.7",
        "minimist": "^1.2.8",
        "qbittorrent-api-v2": "^1.2.2"
      },
      "bin": {
        "qbunseed": "index.js"
      }
    },
    "node_modules/@ctrl/magnet-link": {
      "version": "4.0.2",
      "resolved": "https://registry.npmjs.org/@ctrl/magnet-link/-/magnet-link-4.0.2.tgz",
      "integrity": "sha512-wENP7LH4BmCjz+gXVq7Nzz20zMjY/huuG7aDk/yu/LhFdC84e/l8222rCIAo0lwhU451lFcJKLcOmtG6TNrBAQ==",
      "license": "MIT",
      "workspaces": [
        "demo"
      ],
      "dependencies": {
        "rfc4648": "^1.5.3",
        "uint8array-extras": "^1.1.0"
      },
      "engines": {
        "node": ">=18"
      }
    },
    "node_modules/@ctrl/qbittorrent": {
      "version": "9.2.0",
      "resolved": "https://registry.npmjs.org/@ctrl/qbittorrent/-/qbittorrent-9.2.0.tgz",
      "integrity": "sha512-95hcrot7lRPZ/HpDwjDS0qNIDBk015uPX/RastT1AWFGWfZmN/TijUfvwEXHHh6lHziZE2pdT2NQMgvrE1Gg4g==",
      "license": "MIT",
      "dependencies": {
        "@ctrl/magnet-link": "^4.0.2",
        "@ctrl/shared-torrent": "^6.2.1",
        "@ctrl/torrent-file": "^4.1.0",
        "cookie": "^1.0.2",
        "node-fetch-native": "^1.6.4",
        "ofetch": "^1.4.1",
        "type-fest": "^4.30.2",
        "ufo": "^1.5.4",
        "uint8array-extras": "^1.4.0"
      },
      "engines": {
        "node": ">=18"
      }
    },
    "node_modules/@ctrl/shared-torrent": {
      "version": "6.2.1",
      "resolved": "https://registry.npmjs.org/@ctrl/shared-torrent/-/shared-torrent-6.2.1.tgz",
      "integrity": "sha512-0ouXQnBEik6B3LXByiXnDZ6MAj8r9oMEE09q2MkifqSRmGImhZKq7iNbzcGzTn9BI1TU/anwjSOrxjmYV4T5eQ==",
      "license": "MIT",
      "engines": {
        "node": ">=18"
      }
    },
    "node_modules/@ctrl/torrent-file": {
      "version": "4.1.0",
      "resolved": "https://registry.npmjs.org/@ctrl/torrent-file/-/torrent-file-4.1.0.tgz",
      "integrity": "sha512-mC6HdmCrRhhwpthM+OboJvGIywVR05IbdhVSBkfbGslzbQk2xNnx4UOKljV/x2YI2M1DDF3F3o0paIiYd5O0Og==",
      "license": "MIT",
      "dependencies": {
        "uint8array-extras": "^1.4.0"
      },
      "engines": {
        "node": ">=18"
      }
    },
    "node_modules/cookie": {
      "version": "1.0.2",
      "resolved": "https://registry.npmjs.org/cookie/-/cookie-1.0.2.tgz",
      "integrity": "sha512-9Kr/j4O16ISv8zBBhJoi4bXOYNTkFLOqSL3UDB0njXxCXNezjeyVrJyGOWtgfs/q2km1gwBcfH8q1yEGoMYunA==",
      "license": "MIT",
      "engines": {
        "node": ">=18"
      }
    },
    "node_modules/destr": {
      "version": "2.0.3",
      "resolved": "https://registry.npmjs.org/destr/-/destr-2.0.3.tgz",
      "integrity": "sha512-2N3BOUU4gYMpTP24s5rF5iP7BDr7uNTCs4ozw3kf/eKfvWSIu93GEBi5m427YoyJoeOzQ5smuu4nNAPGb8idSQ==",
      "license": "MIT"
    },
    "node_modules/dotenv": {
      "version": "16.4.7",
      "resolved": "https://registry.npmjs.org/dotenv/-/dotenv-16.4.7.tgz",
      "integrity": "sha512-47qPchRCykZC03FhkYAhrvwU4xDBFIj1QPqaarj6mdM/hgUzfPHcpkHJOn3mJAufFeeAxAzeGsr5X0M4k6fLZQ==",
      "license": "BSD-2-Clause",
      "engines": {
        "node": ">=12"
      },
      "funding": {
        "url": "https://dotenvx.com"
      }
    },
    "node_modules/minimist": {
      "version": "1.2.8",
      "resolved": "https://registry.npmjs.org/minimist/-/minimist-1.2.8.tgz",
      "integrity": "sha512-2yyAR8qBkN3YuheJanUpWC5U3bb5osDywNB8RzDVlDwDHbocAJveqqj1u8+SVD7jkWT4yvsHCpWqqWqAxb0zCA==",
      "license": "MIT",
      "funding": {
        "url": "https://github.com/sponsors/ljharb"
      }
    },
    "node_modules/node-fetch-native": {
      "version": "1.6.4",
      "resolved": "https://registry.npmjs.org/node-fetch-native/-/node-fetch-native-1.6.4.tgz",
      "integrity": "sha512-IhOigYzAKHd244OC0JIMIUrjzctirCmPkaIfhDeGcEETWof5zKYUW7e7MYvChGWh/4CJeXEgsRyGzuF334rOOQ==",
      "license": "MIT"
    },
    "node_modules/ofetch": {
      "version": "1.4.1",
      "resolved": "https://registry.npmjs.org/ofetch/-/ofetch-1.4.1.tgz",
      "integrity": "sha512-QZj2DfGplQAr2oj9KzceK9Hwz6Whxazmn85yYeVuS3u9XTMOGMRx0kO95MQ+vLsj/S/NwBDMMLU5hpxvI6Tklw==",
      "license": "MIT",
      "dependencies": {
        "destr": "^2.0.3",
        "node-fetch-native": "^1.6.4",
        "ufo": "^1.5.4"
      }
    },
    "node_modules/qbittorrent-api-v2": {
      "version": "1.2.2",
      "resolved": "https://registry.npmjs.org/qbittorrent-api-v2/-/qbittorrent-api-v2-1.2.2.tgz",
      "integrity": "sha512-v9nkeikj8EjZJ2Ud/QAkTr038PAM4Xk8WXtR8scVb3jidFGs8gMOrZIL05gy4JNo4b0/vxKlwcC2Zu4IpuMslw==",
      "license": "ISC"
    },
    "node_modules/rfc4648": {
      "version": "1.5.4",
      "resolved": "https://registry.npmjs.org/rfc4648/-/rfc4648-1.5.4.tgz",
      "integrity": "sha512-rRg/6Lb+IGfJqO05HZkN50UtY7K/JhxJag1kP23+zyMfrvoB0B7RWv06MbOzoc79RgCdNTiUaNsTT1AJZ7Z+cg==",
      "license": "MIT"
    },
    "node_modules/type-fest": {
      "version": "4.31.0",
      "resolved": "https://registry.npmjs.org/type-fest/-/type-fest-4.31.0.tgz",
      "integrity": "sha512-yCxltHW07Nkhv/1F6wWBr8kz+5BGMfP+RbRSYFnegVb0qV/UMT0G0ElBloPVerqn4M2ZV80Ir1FtCcYv1cT6vQ==",
      "license": "(MIT OR CC0-1.0)",
      "engines": {
        "node": ">=16"
      },
      "funding": {
        "url": "https://github.com/sponsors/sindresorhus"
      }
    },
    "node_modules/ufo": {
      "version": "1.5.4",
      "resolved": "https://registry.npmjs.org/ufo/-/ufo-1.5.4.tgz",
      "integrity": "sha512-UsUk3byDzKd04EyoZ7U4DOlxQaD14JUKQl6/P7wiX4FNvUfm3XL246n9W5AmqwW5RSFJ27NAuM0iLscAOYUiGQ==",
      "license": "MIT"
    },
    "node_modules/uint8array-extras": {
      "version": "1.4.0",
      "resolved": "https://registry.npmjs.org/uint8array-extras/-/uint8array-extras-1.4.0.tgz",
      "integrity": "sha512-ZPtzy0hu4cZjv3z5NW9gfKnNLjoz4y6uv4HlelAjDK7sY/xOkKZv9xK/WQpcsBB3jEybChz9DPC2U/+cusjJVQ==",
      "license": "MIT",
      "engines": {
        "node": ">=18"
      },
      "funding": {
        "url": "https://github.com/sponsors/sindresorhus"
      }
    }
  }
}
